// !$*UTF8*$!
{
	archiveVersion = 1;
	classes = {
	};
	objectVersion = 56;
	objects = {

/* Begin PBXBuildFile section */
		0B78255E2A4D33480003D908 /* Network.swift in Sources */ = {isa = PBXBuildFile; fileRef = 0B78255D2A4D33480003D908 /* Network.swift */; };
		0B7825602A4D36340003D908 /* ImageLoader.swift in Sources */ = {isa = PBXBuildFile; fileRef = 0B78255F2A4D36340003D908 /* ImageLoader.swift */; };
		0BCEEA472A4C6BA100D8DB0B /* GithabluApp.swift in Sources */ = {isa = PBXBuildFile; fileRef = 0BCEEA462A4C6BA100D8DB0B /* GithabluApp.swift */; };
		0BCEEA492A4C6BA100D8DB0B /* UserListView.swift in Sources */ = {isa = PBXBuildFile; fileRef = 0BCEEA482A4C6BA100D8DB0B /* UserListView.swift */; };
		0BCEEA4B2A4C6BA400D8DB0B /* Assets.xcassets in Resources */ = {isa = PBXBuildFile; fileRef = 0BCEEA4A2A4C6BA400D8DB0B /* Assets.xcassets */; };
		0BCEEA4F2A4C6BA400D8DB0B /* Preview Assets.xcassets in Resources */ = {isa = PBXBuildFile; fileRef = 0BCEEA4E2A4C6BA400D8DB0B /* Preview Assets.xcassets */; };
		0BCEEA572A4C6D4000D8DB0B /* UserModel.swift in Sources */ = {isa = PBXBuildFile; fileRef = 0BCEEA562A4C6D4000D8DB0B /* UserModel.swift */; };
		0BCEEA5B2A4C6DFF00D8DB0B /* UserListViewModel.swift in Sources */ = {isa = PBXBuildFile; fileRef = 0BCEEA5A2A4C6DFF00D8DB0B /* UserListViewModel.swift */; };
		0BEF05722A5010DE00C2483F /* DependencyInjector.swift in Sources */ = {isa = PBXBuildFile; fileRef = 0BEF05712A5010DE00C2483F /* DependencyInjector.swift */; };
		0BEF05742A50124E00C2483F /* Dependency.swift in Sources */ = {isa = PBXBuildFile; fileRef = 0BEF05732A50124E00C2483F /* Dependency.swift */; };
		0BEF05762A50587400C2483F /* UserDetailsView.swift in Sources */ = {isa = PBXBuildFile; fileRef = 0BEF05752A50587400C2483F /* UserDetailsView.swift */; };
		0BEF05792A505B6100C2483F /* UserDetailsViewModel.swift in Sources */ = {isa = PBXBuildFile; fileRef = 0BEF05782A505B6100C2483F /* UserDetailsViewModel.swift */; };
/* End PBXBuildFile section */

/* Begin PBXFileReference section */
		0B78255D2A4D33480003D908 /* Network.swift */ = {isa = PBXFileReference; lastKnownFileType = sourcecode.swift; path = Network.swift; sourceTree = "<group>"; };
		0B78255F2A4D36340003D908 /* ImageLoader.swift */ = {isa = PBXFileReference; lastKnownFileType = sourcecode.swift; path = ImageLoader.swift; sourceTree = "<group>"; };
		0BCEEA432A4C6BA100D8DB0B /* Githablu.app */ = {isa = PBXFileReference; explicitFileType = wrapper.application; includeInIndex = 0; path = Githablu.app; sourceTree = BUILT_PRODUCTS_DIR; };
		0BCEEA462A4C6BA100D8DB0B /* GithabluApp.swift */ = {isa = PBXFileReference; lastKnownFileType = sourcecode.swift; path = GithabluApp.swift; sourceTree = "<group>"; };
		0BCEEA482A4C6BA100D8DB0B /* UserListView.swift */ = {isa = PBXFileReference; lastKnownFileType = sourcecode.swift; path = UserListView.swift; sourceTree = "<group>"; };
		0BCEEA4A2A4C6BA400D8DB0B /* Assets.xcassets */ = {isa = PBXFileReference; lastKnownFileType = folder.assetcatalog; path = Assets.xcassets; sourceTree = "<group>"; };
		0BCEEA4C2A4C6BA400D8DB0B /* Githablu.entitlements */ = {isa = PBXFileReference; lastKnownFileType = text.plist.entitlements; path = Githablu.entitlements; sourceTree = "<group>"; };
		0BCEEA4E2A4C6BA400D8DB0B /* Preview Assets.xcassets */ = {isa = PBXFileReference; lastKnownFileType = folder.assetcatalog; path = "Preview Assets.xcassets"; sourceTree = "<group>"; };
		0BCEEA562A4C6D4000D8DB0B /* UserModel.swift */ = {isa = PBXFileReference; lastKnownFileType = sourcecode.swift; path = UserModel.swift; sourceTree = "<group>"; };
		0BCEEA5A2A4C6DFF00D8DB0B /* UserListViewModel.swift */ = {isa = PBXFileReference; lastKnownFileType = sourcecode.swift; path = UserListViewModel.swift; sourceTree = "<group>"; };
		0BEF05712A5010DE00C2483F /* DependencyInjector.swift */ = {isa = PBXFileReference; lastKnownFileType = sourcecode.swift; path = DependencyInjector.swift; sourceTree = "<group>"; };
		0BEF05732A50124E00C2483F /* Dependency.swift */ = {isa = PBXFileReference; lastKnownFileType = sourcecode.swift; path = Dependency.swift; sourceTree = "<group>"; };
		0BEF05752A50587400C2483F /* UserDetailsView.swift */ = {isa = PBXFileReference; lastKnownFileType = sourcecode.swift; path = UserDetailsView.swift; sourceTree = "<group>"; };
		0BEF05782A505B6100C2483F /* UserDetailsViewModel.swift */ = {isa = PBXFileReference; lastKnownFileType = sourcecode.swift; path = UserDetailsViewModel.swift; sourceTree = "<group>"; };
/* End PBXFileReference section */

/* Begin PBXFrameworksBuildPhase section */
		0BCEEA402A4C6BA100D8DB0B /* Frameworks */ = {
			isa = PBXFrameworksBuildPhase;
			buildActionMask = 2147483647;
			files = (
			);
			runOnlyForDeploymentPostprocessing = 0;
		};
/* End PBXFrameworksBuildPhase section */

/* Begin PBXGroup section */
		0B2018742A4C944B00992CA0 /* utils */ = {
			isa = PBXGroup;
			children = (
				0B78255F2A4D36340003D908 /* ImageLoader.swift */,
			);
			path = utils;
			sourceTree = "<group>";
		};
		0B78255C2A4D33220003D908 /* networking */ = {
			isa = PBXGroup;
			children = (
				0B78255D2A4D33480003D908 /* Network.swift */,
			);
			path = networking;
			sourceTree = "<group>";
		};
		0BCEEA3A2A4C6BA100D8DB0B = {
			isa = PBXGroup;
			children = (
				0BCEEA452A4C6BA100D8DB0B /* Githablu */,
				0BCEEA442A4C6BA100D8DB0B /* Products */,
			);
			sourceTree = "<group>";
		};
		0BCEEA442A4C6BA100D8DB0B /* Products */ = {
			isa = PBXGroup;
			children = (
				0BCEEA432A4C6BA100D8DB0B /* Githablu.app */,
			);
			name = Products;
			sourceTree = "<group>";
		};
		0BCEEA452A4C6BA100D8DB0B /* Githablu */ = {
			isa = PBXGroup;
			children = (
				0BEF05702A5010C900C2483F /* di */,
				0B78255C2A4D33220003D908 /* networking */,
				0B2018742A4C944B00992CA0 /* utils */,
				0BCEEA582A4C6DB700D8DB0B /* view */,
				0BCEEA552A4C6D2300D8DB0B /* model */,
				0BCEEA462A4C6BA100D8DB0B /* GithabluApp.swift */,
				0BCEEA4A2A4C6BA400D8DB0B /* Assets.xcassets */,
				0BCEEA4C2A4C6BA400D8DB0B /* Githablu.entitlements */,
				0BCEEA4D2A4C6BA400D8DB0B /* Preview Content */,
			);
			path = Githablu;
			sourceTree = "<group>";
		};
		0BCEEA4D2A4C6BA400D8DB0B /* Preview Content */ = {
			isa = PBXGroup;
			children = (
				0BCEEA4E2A4C6BA400D8DB0B /* Preview Assets.xcassets */,
			);
			path = "Preview Content";
			sourceTree = "<group>";
		};
		0BCEEA552A4C6D2300D8DB0B /* model */ = {
			isa = PBXGroup;
			children = (
				0BCEEA562A4C6D4000D8DB0B /* UserModel.swift */,
			);
			path = model;
			sourceTree = "<group>";
		};
		0BCEEA582A4C6DB700D8DB0B /* view */ = {
			isa = PBXGroup;
			children = (
				0BEF05772A505B2E00C2483F /* user_details */,
				0BCEEA592A4C6DC100D8DB0B /* user_list */,
			);
			path = view;
			sourceTree = "<group>";
		};
		0BCEEA592A4C6DC100D8DB0B /* user_list */ = {
			isa = PBXGroup;
			children = (
				0BCEEA482A4C6BA100D8DB0B /* UserListView.swift */,
				0BCEEA5A2A4C6DFF00D8DB0B /* UserListViewModel.swift */,
			);
			path = user_list;
			sourceTree = "<group>";
		};
		0BEF05702A5010C900C2483F /* di */ = {
			isa = PBXGroup;
			children = (
				0BEF05712A5010DE00C2483F /* DependencyInjector.swift */,
				0BEF05732A50124E00C2483F /* Dependency.swift */,
			);
			path = di;
			sourceTree = "<group>";
		};
		0BEF05772A505B2E00C2483F /* user_details */ = {
			isa = PBXGroup;
			children = (
				0BEF05752A50587400C2483F /* UserDetailsView.swift */,
				0BEF05782A505B6100C2483F /* UserDetailsViewModel.swift */,
			);
			path = user_details;
			sourceTree = "<group>";
		};
/* End PBXGroup section */

/* Begin PBXNativeTarget section */
		0BCEEA422A4C6BA100D8DB0B /* Githablu */ = {
			isa = PBXNativeTarget;
			buildConfigurationList = 0BCEEA522A4C6BA400D8DB0B /* Build configuration list for PBXNativeTarget "Githablu" */;
			buildPhases = (
				0BCEEA3F2A4C6BA100D8DB0B /* Sources */,
				0BCEEA402A4C6BA100D8DB0B /* Frameworks */,
				0BCEEA412A4C6BA100D8DB0B /* Resources */,
			);
			buildRules = (
			);
			dependencies = (
			);
			name = Githablu;
			productName = Githablu;
			productReference = 0BCEEA432A4C6BA100D8DB0B /* Githablu.app */;
			productType = "com.apple.product-type.application";
		};
/* End PBXNativeTarget section */

/* Begin PBXProject section */
		0BCEEA3B2A4C6BA100D8DB0B /* Project object */ = {
			isa = PBXProject;
			attributes = {
				BuildIndependentTargetsInParallel = 1;
				LastSwiftUpdateCheck = 1420;
				LastUpgradeCheck = 1420;
				TargetAttributes = {
					0BCEEA422A4C6BA100D8DB0B = {
						CreatedOnToolsVersion = 14.2;
					};
				};
			};
			buildConfigurationList = 0BCEEA3E2A4C6BA100D8DB0B /* Build configuration list for PBXProject "Githablu" */;
			compatibilityVersion = "Xcode 14.0";
			developmentRegion = en;
			hasScannedForEncodings = 0;
			knownRegions = (
				en,
				Base,
			);
			mainGroup = 0BCEEA3A2A4C6BA100D8DB0B;
			productRefGroup = 0BCEEA442A4C6BA100D8DB0B /* Products */;
			projectDirPath = "";
			projectRoot = "";
			targets = (
				0BCEEA422A4C6BA100D8DB0B /* Githablu */,
			);
		};
/* End PBXProject section */

/* Begin PBXResourcesBuildPhase section */
		0BCEEA412A4C6BA100D8DB0B /* Resources */ = {
			isa = PBXResourcesBuildPhase;
			buildActionMask = 2147483647;
			files = (
				0BCEEA4F2A4C6BA400D8DB0B /* Preview Assets.xcassets in Resources */,
				0BCEEA4B2A4C6BA400D8DB0B /* Assets.xcassets in Resources */,
			);
			runOnlyForDeploymentPostprocessing = 0;
		};
/* End PBXResourcesBuildPhase section */

/* Begin PBXSourcesBuildPhase section */
		0BCEEA3F2A4C6BA100D8DB0B /* Sources */ = {
			isa = PBXSourcesBuildPhase;
			buildActionMask = 2147483647;
			files = (
				0B7825602A4D36340003D908 /* ImageLoader.swift in Sources */,
				0BEF05722A5010DE00C2483F /* DependencyInjector.swift in Sources */,
				0BEF05742A50124E00C2483F /* Dependency.swift in Sources */,
				0BCEEA492A4C6BA100D8DB0B /* UserListView.swift in Sources */,
				0BEF05762A50587400C2483F /* UserDetailsView.swift in Sources */,
				0BCEEA5B2A4C6DFF00D8DB0B /* UserListViewModel.swift in Sources */,
				0BEF05792A505B6100C2483F /* UserDetailsViewModel.swift in Sources */,
				0B78255E2A4D33480003D908 /* Network.swift in Sources */,
				0BCEEA572A4C6D4000D8DB0B /* UserModel.swift in Sources */,
				0BCEEA472A4C6BA100D8DB0B /* GithabluApp.swift in Sources */,
			);
			runOnlyForDeploymentPostprocessing = 0;
		};
/* End PBXSourcesBuildPhase section */

/* Begin XCBuildConfiguration section */
		0BCEEA502A4C6BA400D8DB0B /* Debug */ = {
			isa = XCBuildConfiguration;
			buildSettings = {
				ALWAYS_SEARCH_USER_PATHS = NO;
				CLANG_ANALYZER_NONNULL = YES;
				CLANG_ANALYZER_NUMBER_OBJECT_CONVERSION = YES_AGGRESSIVE;
				CLANG_CXX_LANGUAGE_STANDARD = "gnu++20";
				CLANG_ENABLE_MODULES = YES;
				CLANG_ENABLE_OBJC_ARC = YES;
				CLANG_ENABLE_OBJC_WEAK = YES;
				CLANG_WARN_BLOCK_CAPTURE_AUTORELEASING = YES;
				CLANG_WARN_BOOL_CONVERSION = YES;
				CLANG_WARN_COMMA = YES;
				CLANG_WARN_CONSTANT_CONVERSION = YES;
				CLANG_WARN_DEPRECATED_OBJC_IMPLEMENTATIONS = YES;
				CLANG_WARN_DIRECT_OBJC_ISA_USAGE = YES_ERROR;
				CLANG_WARN_DOCUMENTATION_COMMENTS = YES;
				CLANG_WARN_EMPTY_BODY = YES;
				CLANG_WARN_ENUM_CONVERSION = YES;
				CLANG_WARN_INFINITE_RECURSION = YES;
				CLANG_WARN_INT_CONVERSION = YES;
				CLANG_WARN_NON_LITERAL_NULL_CONVERSION = YES;
				CLANG_WARN_OBJC_IMPLICIT_RETAIN_SELF = YES;
				CLANG_WARN_OBJC_LITERAL_CONVERSION = YES;
				CLANG_WARN_OBJC_ROOT_CLASS = YES_ERROR;
				CLANG_WARN_QUOTED_INCLUDE_IN_FRAMEWORK_HEADER = YES;
				CLANG_WARN_RANGE_LOOP_ANALYSIS = YES;
				CLANG_WARN_STRICT_PROTOTYPES = YES;
				CLANG_WARN_SUSPICIOUS_MOVE = YES;
				CLANG_WARN_UNGUARDED_AVAILABILITY = YES_AGGRESSIVE;
				CLANG_WARN_UNREACHABLE_CODE = YES;
				CLANG_WARN__DUPLICATE_METHOD_MATCH = YES;
				COPY_PHASE_STRIP = NO;
				DEBUG_INFORMATION_FORMAT = dwarf;
				ENABLE_STRICT_OBJC_MSGSEND = YES;
				ENABLE_TESTABILITY = YES;
				GCC_C_LANGUAGE_STANDARD = gnu11;
				GCC_DYNAMIC_NO_PIC = NO;
				GCC_NO_COMMON_BLOCKS = YES;
				GCC_OPTIMIZATION_LEVEL = 0;
				GCC_PREPROCESSOR_DEFINITIONS = (
					"DEBUG=1",
					"$(inherited)",
				);
				GCC_WARN_64_TO_32_BIT_CONVERSION = YES;
				GCC_WARN_ABOUT_RETURN_TYPE = YES_ERROR;
				GCC_WARN_UNDECLARED_SELECTOR = YES;
				GCC_WARN_UNINITIALIZED_AUTOS = YES_AGGRESSIVE;
				GCC_WARN_UNUSED_FUNCTION = YES;
				GCC_WARN_UNUSED_VARIABLE = YES;
				MTL_ENABLE_DEBUG_INFO = INCLUDE_SOURCE;
				MTL_FAST_MATH = YES;
				ONLY_ACTIVE_ARCH = YES;
				SWIFT_ACTIVE_COMPILATION_CONDITIONS = DEBUG;
				SWIFT_OPTIMIZATION_LEVEL = "-Onone";
			};
			name = Debug;
		};
		0BCEEA512A4C6BA400D8DB0B /* Release */ = {
			isa = XCBuildConfiguration;
			buildSettings = {
				ALWAYS_SEARCH_USER_PATHS = NO;
				CLANG_ANALYZER_NONNULL = YES;
				CLANG_ANALYZER_NUMBER_OBJECT_CONVERSION = YES_AGGRESSIVE;
				CLANG_CXX_LANGUAGE_STANDARD = "gnu++20";
				CLANG_ENABLE_MODULES = YES;
				CLANG_ENABLE_OBJC_ARC = YES;
				CLANG_ENABLE_OBJC_WEAK = YES;
				CLANG_WARN_BLOCK_CAPTURE_AUTORELEASING = YES;
				CLANG_WARN_BOOL_CONVERSION = YES;
				CLANG_WARN_COMMA = YES;
				CLANG_WARN_CONSTANT_CONVERSION = YES;
				CLANG_WARN_DEPRECATED_OBJC_IMPLEMENTATIONS = YES;
				CLANG_WARN_DIRECT_OBJC_ISA_USAGE = YES_ERROR;
				CLANG_WARN_DOCUMENTATION_COMMENTS = YES;
				CLANG_WARN_EMPTY_BODY = YES;
				CLANG_WARN_ENUM_CONVERSION = YES;
				CLANG_WARN_INFINITE_RECURSION = YES;
				CLANG_WARN_INT_CONVERSION = YES;
				CLANG_WARN_NON_LITERAL_NULL_CONVERSION = YES;
				CLANG_WARN_OBJC_IMPLICIT_RETAIN_SELF = YES;
				CLANG_WARN_OBJC_LITERAL_CONVERSION = YES;
				CLANG_WARN_OBJC_ROOT_CLASS = YES_ERROR;
				CLANG_WARN_QUOTED_INCLUDE_IN_FRAMEWORK_HEADER = YES;
				CLANG_WARN_RANGE_LOOP_ANALYSIS = YES;
				CLANG_WARN_STRICT_PROTOTYPES = YES;
				CLANG_WARN_SUSPICIOUS_MOVE = YES;
				CLANG_WARN_UNGUARDED_AVAILABILITY = YES_AGGRESSIVE;
				CLANG_WARN_UNREACHABLE_CODE = YES;
				CLANG_WARN__DUPLICATE_METHOD_MATCH = YES;
				COPY_PHASE_STRIP = NO;
				DEBUG_INFORMATION_FORMAT = "dwarf-with-dsym";
				ENABLE_NS_ASSERTIONS = NO;
				ENABLE_STRICT_OBJC_MSGSEND = YES;
				GCC_C_LANGUAGE_STANDARD = gnu11;
				GCC_NO_COMMON_BLOCKS = YES;
				GCC_WARN_64_TO_32_BIT_CONVERSION = YES;
				GCC_WARN_ABOUT_RETURN_TYPE = YES_ERROR;
				GCC_WARN_UNDECLARED_SELECTOR = YES;
				GCC_WARN_UNINITIALIZED_AUTOS = YES_AGGRESSIVE;
				GCC_WARN_UNUSED_FUNCTION = YES;
				GCC_WARN_UNUSED_VARIABLE = YES;
				MTL_ENABLE_DEBUG_INFO = NO;
				MTL_FAST_MATH = YES;
				SWIFT_COMPILATION_MODE = wholemodule;
				SWIFT_OPTIMIZATION_LEVEL = "-O";
			};
			name = Release;
		};
		0BCEEA532A4C6BA400D8DB0B /* Debug */ = {
			isa = XCBuildConfiguration;
			buildSettings = {
				ASSETCATALOG_COMPILER_APPICON_NAME = AppIcon;
				ASSETCATALOG_COMPILER_GLOBAL_ACCENT_COLOR_NAME = AccentColor;
				CODE_SIGN_ENTITLEMENTS = Githablu/Githablu.entitlements;
				"CODE_SIGN_IDENTITY[sdk=macosx*]" = "-";
				CODE_SIGN_STYLE = Automatic;
				CURRENT_PROJECT_VERSION = 1;
				DEVELOPMENT_ASSET_PATHS = "\"Githablu/Preview Content\"";
				DEVELOPMENT_TEAM = W5JC56FH62;
				ENABLE_HARDENED_RUNTIME = YES;
				ENABLE_PREVIEWS = YES;
				GENERATE_INFOPLIST_FILE = YES;
				"INFOPLIST_KEY_UIApplicationSceneManifest_Generation[sdk=iphoneos*]" = YES;
				"INFOPLIST_KEY_UIApplicationSceneManifest_Generation[sdk=iphonesimulator*]" = YES;
				"INFOPLIST_KEY_UIApplicationSupportsIndirectInputEvents[sdk=iphoneos*]" = YES;
				"INFOPLIST_KEY_UIApplicationSupportsIndirectInputEvents[sdk=iphonesimulator*]" = YES;
				"INFOPLIST_KEY_UILaunchScreen_Generation[sdk=iphoneos*]" = YES;
				"INFOPLIST_KEY_UILaunchScreen_Generation[sdk=iphonesimulator*]" = YES;
				"INFOPLIST_KEY_UIStatusBarStyle[sdk=iphoneos*]" = UIStatusBarStyleDefault;
				"INFOPLIST_KEY_UIStatusBarStyle[sdk=iphonesimulator*]" = UIStatusBarStyleDefault;
				INFOPLIST_KEY_UISupportedInterfaceOrientations_iPad = "UIInterfaceOrientationPortrait UIInterfaceOrientationPortraitUpsideDown UIInterfaceOrientationLandscapeLeft UIInterfaceOrientationLandscapeRight";
				INFOPLIST_KEY_UISupportedInterfaceOrientations_iPhone = "UIInterfaceOrientationPortrait UIInterfaceOrientationLandscapeLeft UIInterfaceOrientationLandscapeRight";
				IPHONEOS_DEPLOYMENT_TARGET = 16.2;
				LD_RUNPATH_SEARCH_PATHS = "@executable_path/Frameworks";
				"LD_RUNPATH_SEARCH_PATHS[sdk=macosx*]" = "@executable_path/../Frameworks";
				MACOSX_DEPLOYMENT_TARGET = 12.6;
				MARKETING_VERSION = 1.0;
				PRODUCT_BUNDLE_IDENTIFIER = rezaulislam.com.Githablu;
				PRODUCT_NAME = "$(TARGET_NAME)";
				SDKROOT = auto;
				SUPPORTED_PLATFORMS = "iphoneos iphonesimulator macosx";
				SWIFT_EMIT_LOC_STRINGS = YES;
				SWIFT_VERSION = 5.0;
				TARGETED_DEVICE_FAMILY = "1,2";
			};
			name = Debug;
		};
		0BCEEA542A4C6BA400D8DB0B /* Release */ = {
			isa = XCBuildConfiguration;
			buildSettings = {
				ASSETCATALOG_COMPILER_APPICON_NAME = AppIcon;
				ASSETCATALOG_COMPILER_GLOBAL_ACCENT_COLOR_NAME = AccentColor;
				CODE_SIGN_ENTITLEMENTS = Githablu/Githablu.entitlements;
				"CODE_SIGN_IDENTITY[sdk=macosx*]" = "-";
				CODE_SIGN_STYLE = Automatic;
				CURRENT_PROJECT_VERSION = 1;
				DEVELOPMENT_ASSET_PATHS = "\"Githablu/Preview Content\"";
				DEVELOPMENT_TEAM = W5JC56FH62;
				ENABLE_HARDENED_RUNTIME = YES;
				ENABLE_PREVIEWS = YES;
				GENERATE_INFOPLIST_FILE = YES;
				"INFOPLIST_KEY_UIApplicationSceneManifest_Generation[sdk=iphoneos*]" = YES;
				"INFOPLIST_KEY_UIApplicationSceneManifest_Generation[sdk=iphonesimulator*]" = YES;
				"INFOPLIST_KEY_UIApplicationSupportsIndirectInputEvents[sdk=iphoneos*]" = YES;
				"INFOPLIST_KEY_UIApplicationSupportsIndirectInputEvents[sdk=iphonesimulator*]" = YES;
				"INFOPLIST_KEY_UILaunchScreen_Generation[sdk=iphoneos*]" = YES;
				"INFOPLIST_KEY_UILaunchScreen_Generation[sdk=iphonesimulator*]" = YES;
				"INFOPLIST_KEY_UIStatusBarStyle[sdk=iphoneos*]" = UIStatusBarStyleDefault;
				"INFOPLIST_KEY_UIStatusBarStyle[sdk=iphonesimulator*]" = UIStatusBarStyleDefault;
				INFOPLIST_KEY_UISupportedInterfaceOrientations_iPad = "UIInterfaceOrientationPortrait UIInterfaceOrientationPortraitUpsideDown UIInterfaceOrientationLandscapeLeft UIInterfaceOrientationLandscapeRight";
				INFOPLIST_KEY_UISupportedInterfaceOrientations_iPhone = "UIInterfaceOrientationPortrait UIInterfaceOrientationLandscapeLeft UIInterfaceOrientationLandscapeRight";
				IPHONEOS_DEPLOYMENT_TARGET = 16.2;
				LD_RUNPATH_SEARCH_PATHS = "@executable_path/Frameworks";
				"LD_RUNPATH_SEARCH_PATHS[sdk=macosx*]" = "@executable_path/../Frameworks";
				MACOSX_DEPLOYMENT_TARGET = 12.6;
				MARKETING_VERSION = 1.0;
				PRODUCT_BUNDLE_IDENTIFIER = rezaulislam.com.Githablu;
				PRODUCT_NAME = "$(TARGET_NAME)";
				SDKROOT = auto;
				SUPPORTED_PLATFORMS = "iphoneos iphonesimulator macosx";
				SWIFT_EMIT_LOC_STRINGS = YES;
				SWIFT_VERSION = 5.0;
				TARGETED_DEVICE_FAMILY = "1,2";
			};
			name = Release;
		};
/* End XCBuildConfiguration section */

/* Begin XCConfigurationList section */
		0BCEEA3E2A4C6BA100D8DB0B /* Build configuration list for PBXProject "Githablu" */ = {
			isa = XCConfigurationList;
			buildConfigurations = (
				0BCEEA502A4C6BA400D8DB0B /* Debug */,
				0BCEEA512A4C6BA400D8DB0B /* Release */,
			);
			defaultConfigurationIsVisible = 0;
			defaultConfigurationName = Release;
		};
		0BCEEA522A4C6BA400D8DB0B /* Build configuration list for PBXNativeTarget "Githablu" */ = {
			isa = XCConfigurationList;
			buildConfigurations = (
				0BCEEA532A4C6BA400D8DB0B /* Debug */,
				0BCEEA542A4C6BA400D8DB0B /* Release */,
			);
			defaultConfigurationIsVisible = 0;
			defaultConfigurationName = Release;
		};
/* End XCConfigurationList section */
	};
	rootObject = 0BCEEA3B2A4C6BA100D8DB0B /* Project object */;
}
